// !$*UTF8*$!
{
	archiveVersion = 1;
	classes = {
	};
	objectVersion = 46;
	objects = {

/* Begin PBXBuildFile section */
		1496834FC370501C36D659D7 /* libPods-XKXClient.a in Frameworks */ = {isa = PBXBuildFile; fileRef = 1AECEEC01F7982EB5DACE74A /* libPods-XKXClient.a */; };
		656EAAA8219C127800EC6D08 /* MyAttributedButton.m in Sources */ = {isa = PBXBuildFile; fileRef = 656EAAA7219C127800EC6D08 /* MyAttributedButton.m */; };
		656EAAB2219D389700EC6D08 /* 方正卡通简体.ttf in Resources */ = {isa = PBXBuildFile; fileRef = 656EAAAF219D386E00EC6D08 /* 方正卡通简体.ttf */; };
		656EAAB3219D389700EC6D08 /* 方正康体简体.ttf in Resources */ = {isa = PBXBuildFile; fileRef = 656EAAB1219D386E00EC6D08 /* 方正康体简体.ttf */; };
		656EAAB4219D389700EC6D08 /* 华文行楷.ttf in Resources */ = {isa = PBXBuildFile; fileRef = 656EAAB0219D386E00EC6D08 /* 华文行楷.ttf */; };
		65E356DA21901E7F004369FB /* libtelnet.c in Sources */ = {isa = PBXBuildFile; fileRef = 65E356D921901E7F004369FB /* libtelnet.c */; };
		65E356E0219021DE004369FB /* UIColor+ANSI.m in Sources */ = {isa = PBXBuildFile; fileRef = 65E356DD219021DE004369FB /* UIColor+ANSI.m */; };
		65E356E1219021DE004369FB /* AnsiEscapeHelper.m in Sources */ = {isa = PBXBuildFile; fileRef = 65E356DE219021DE004369FB /* AnsiEscapeHelper.m */; settings = {COMPILER_FLAGS = "-fno-objc-arc"; }; };
		65E356EC2192C610004369FB /* NSLayoutConstraint+PureLayout.m in Sources */ = {isa = PBXBuildFile; fileRef = 65E356E52192C60F004369FB /* NSLayoutConstraint+PureLayout.m */; };
		65E356ED2192C610004369FB /* ALView+PureLayout.m in Sources */ = {isa = PBXBuildFile; fileRef = 65E356E82192C60F004369FB /* ALView+PureLayout.m */; };
		65E356EE2192C610004369FB /* NSArray+PureLayout.m in Sources */ = {isa = PBXBuildFile; fileRef = 65E356EB2192C60F004369FB /* NSArray+PureLayout.m */; };
		65E356F3219401FC004369FB /* GameLogic.m in Sources */ = {isa = PBXBuildFile; fileRef = 65E356F2219401FC004369FB /* GameLogic.m */; };
		9362F3C41E14F67100842C29 /* main.m in Sources */ = {isa = PBXBuildFile; fileRef = 9362F3C31E14F67100842C29 /* main.m */; };
		9362F3C71E14F67100842C29 /* AppDelegate.m in Sources */ = {isa = PBXBuildFile; fileRef = 9362F3C61E14F67100842C29 /* AppDelegate.m */; };
		9362F3CD1E14F67100842C29 /* Main.storyboard in Resources */ = {isa = PBXBuildFile; fileRef = 9362F3CB1E14F67100842C29 /* Main.storyboard */; };
		9362F3CF1E14F67100842C29 /* Assets.xcassets in Resources */ = {isa = PBXBuildFile; fileRef = 9362F3CE1E14F67100842C29 /* Assets.xcassets */; };
		9362F3D21E14F67100842C29 /* LaunchScreen.storyboard in Resources */ = {isa = PBXBuildFile; fileRef = 9362F3D01E14F67100842C29 /* LaunchScreen.storyboard */; };
		9362F3DD1E14F69400842C29 /* LoginViewController.m in Sources */ = {isa = PBXBuildFile; fileRef = 9362F3DA1E14F69400842C29 /* LoginViewController.m */; };
		9362F3DE1E14F69400842C29 /* GameViewController.m in Sources */ = {isa = PBXBuildFile; fileRef = 9362F3DC1E14F69400842C29 /* GameViewController.m */; };
		9362F3E31E14F6D400842C29 /* TelnetClient.m in Sources */ = {isa = PBXBuildFile; fileRef = 9362F3E21E14F6D400842C29 /* TelnetClient.m */; };
		E753D2931E1B54F30096FBD7 /* README.md in Sources */ = {isa = PBXBuildFile; fileRef = E753D2921E1B54F30096FBD7 /* README.md */; };
/* End PBXBuildFile section */

/* Begin PBXFileReference section */
		1AECEEC01F7982EB5DACE74A /* libPods-XKXClient.a */ = {isa = PBXFileReference; explicitFileType = archive.ar; includeInIndex = 0; path = "libPods-XKXClient.a"; sourceTree = BUILT_PRODUCTS_DIR; };
		656EAAA6219C127800EC6D08 /* MyAttributedButton.h */ = {isa = PBXFileReference; lastKnownFileType = sourcecode.c.h; name = MyAttributedButton.h; path = MyAttributedButton/MyAttributedButton.h; sourceTree = "<group>"; };
		656EAAA7219C127800EC6D08 /* MyAttributedButton.m */ = {isa = PBXFileReference; lastKnownFileType = sourcecode.c.objc; name = MyAttributedButton.m; path = MyAttributedButton/MyAttributedButton.m; sourceTree = "<group>"; };
		656EAAAF219D386E00EC6D08 /* 方正卡通简体.ttf */ = {isa = PBXFileReference; lastKnownFileType = file; name = "方正卡通简体.ttf"; path = "Fonts/方正卡通简体.ttf"; sourceTree = "<group>"; };
		656EAAB0219D386E00EC6D08 /* 华文行楷.ttf */ = {isa = PBXFileReference; lastKnownFileType = file; name = "华文行楷.ttf"; path = "Fonts/华文行楷.ttf"; sourceTree = "<group>"; };
		656EAAB1219D386E00EC6D08 /* 方正康体简体.ttf */ = {isa = PBXFileReference; lastKnownFileType = file; name = "方正康体简体.ttf"; path = "Fonts/方正康体简体.ttf"; sourceTree = "<group>"; };
		65E356D921901E7F004369FB /* libtelnet.c */ = {isa = PBXFileReference; fileEncoding = 4; lastKnownFileType = sourcecode.c.c; path = libtelnet.c; sourceTree = "<group>"; };
		65E356DC219021DE004369FB /* AnsiEscapeHelper.h */ = {isa = PBXFileReference; fileEncoding = 4; lastKnownFileType = sourcecode.c.h; path = AnsiEscapeHelper.h; sourceTree = "<group>"; };
		65E356DD219021DE004369FB /* UIColor+ANSI.m */ = {isa = PBXFileReference; fileEncoding = 4; lastKnownFileType = sourcecode.c.objc; path = "UIColor+ANSI.m"; sourceTree = "<group>"; };
		65E356DE219021DE004369FB /* AnsiEscapeHelper.m */ = {isa = PBXFileReference; fileEncoding = 4; lastKnownFileType = sourcecode.c.objc; path = AnsiEscapeHelper.m; sourceTree = "<group>"; };
		65E356DF219021DE004369FB /* UIColor+ANSI.h */ = {isa = PBXFileReference; fileEncoding = 4; lastKnownFileType = sourcecode.c.h; path = "UIColor+ANSI.h"; sourceTree = "<group>"; };
		65E356E32192C60F004369FB /* PureLayoutDefines.h */ = {isa = PBXFileReference; fileEncoding = 4; lastKnownFileType = sourcecode.c.h; path = PureLayoutDefines.h; sourceTree = "<group>"; };
		65E356E42192C60F004369FB /* ALView+PureLayout.h */ = {isa = PBXFileReference; fileEncoding = 4; lastKnownFileType = sourcecode.c.h; path = "ALView+PureLayout.h"; sourceTree = "<group>"; };
		65E356E52192C60F004369FB /* NSLayoutConstraint+PureLayout.m */ = {isa = PBXFileReference; fileEncoding = 4; lastKnownFileType = sourcecode.c.objc; path = "NSLayoutConstraint+PureLayout.m"; sourceTree = "<group>"; };
		65E356E62192C60F004369FB /* NSArray+PureLayout.h */ = {isa = PBXFileReference; fileEncoding = 4; lastKnownFileType = sourcecode.c.h; path = "NSArray+PureLayout.h"; sourceTree = "<group>"; };
		65E356E72192C60F004369FB /* NSLayoutConstraint+PureLayout.h */ = {isa = PBXFileReference; fileEncoding = 4; lastKnownFileType = sourcecode.c.h; path = "NSLayoutConstraint+PureLayout.h"; sourceTree = "<group>"; };
		65E356E82192C60F004369FB /* ALView+PureLayout.m */ = {isa = PBXFileReference; fileEncoding = 4; lastKnownFileType = sourcecode.c.objc; path = "ALView+PureLayout.m"; sourceTree = "<group>"; };
		65E356E92192C60F004369FB /* PureLayout+Internal.h */ = {isa = PBXFileReference; fileEncoding = 4; lastKnownFileType = sourcecode.c.h; path = "PureLayout+Internal.h"; sourceTree = "<group>"; };
		65E356EA2192C60F004369FB /* PureLayout.h */ = {isa = PBXFileReference; fileEncoding = 4; lastKnownFileType = sourcecode.c.h; path = PureLayout.h; sourceTree = "<group>"; };
		65E356EB2192C60F004369FB /* NSArray+PureLayout.m */ = {isa = PBXFileReference; fileEncoding = 4; lastKnownFileType = sourcecode.c.objc; path = "NSArray+PureLayout.m"; sourceTree = "<group>"; };
		65E356F2219401FC004369FB /* GameLogic.m */ = {isa = PBXFileReference; fileEncoding = 4; lastKnownFileType = sourcecode.c.objc; name = GameLogic.m; path = GameLogic/GameLogic.m; sourceTree = "<group>"; };
		65E356F421940221004369FB /* GameLogic.h */ = {isa = PBXFileReference; lastKnownFileType = sourcecode.c.h; name = GameLogic.h; path = GameLogic/GameLogic.h; sourceTree = "<group>"; };
		72A9F7FBA308B9FBD4A1F70C /* Pods-XKXClient.release.xcconfig */ = {isa = PBXFileReference; includeInIndex = 1; lastKnownFileType = text.xcconfig; name = "Pods-XKXClient.release.xcconfig"; path = "Pods/Target Support Files/Pods-XKXClient/Pods-XKXClient.release.xcconfig"; sourceTree = "<group>"; };
		87A785C59315B0D855DF002E /* Pods-XKXClient.debug.xcconfig */ = {isa = PBXFileReference; includeInIndex = 1; lastKnownFileType = text.xcconfig; name = "Pods-XKXClient.debug.xcconfig"; path = "Pods/Target Support Files/Pods-XKXClient/Pods-XKXClient.debug.xcconfig"; sourceTree = "<group>"; };
		9362F3BF1E14F67100842C29 /* XKXClient.app */ = {isa = PBXFileReference; explicitFileType = wrapper.application; includeInIndex = 0; path = XKXClient.app; sourceTree = BUILT_PRODUCTS_DIR; };
		9362F3C31E14F67100842C29 /* main.m */ = {isa = PBXFileReference; lastKnownFileType = sourcecode.c.objc; path = main.m; sourceTree = "<group>"; };
		9362F3C51E14F67100842C29 /* AppDelegate.h */ = {isa = PBXFileReference; lastKnownFileType = sourcecode.c.h; path = AppDelegate.h; sourceTree = "<group>"; };
		9362F3C61E14F67100842C29 /* AppDelegate.m */ = {isa = PBXFileReference; lastKnownFileType = sourcecode.c.objc; path = AppDelegate.m; sourceTree = "<group>"; };
		9362F3CC1E14F67100842C29 /* Base */ = {isa = PBXFileReference; lastKnownFileType = file.storyboard; name = Base; path = Base.lproj/Main.storyboard; sourceTree = "<group>"; };
		9362F3CE1E14F67100842C29 /* Assets.xcassets */ = {isa = PBXFileReference; lastKnownFileType = folder.assetcatalog; path = Assets.xcassets; sourceTree = "<group>"; };
		9362F3D11E14F67100842C29 /* Base */ = {isa = PBXFileReference; lastKnownFileType = file.storyboard; name = Base; path = Base.lproj/LaunchScreen.storyboard; sourceTree = "<group>"; };
		9362F3D31E14F67100842C29 /* Info.plist */ = {isa = PBXFileReference; lastKnownFileType = text.plist.xml; path = Info.plist; sourceTree = "<group>"; };
		9362F3D91E14F69400842C29 /* LoginViewController.h */ = {isa = PBXFileReference; fileEncoding = 4; lastKnownFileType = sourcecode.c.h; path = LoginViewController.h; sourceTree = "<group>"; };
		9362F3DA1E14F69400842C29 /* LoginViewController.m */ = {isa = PBXFileReference; fileEncoding = 4; lastKnownFileType = sourcecode.c.objc; path = LoginViewController.m; sourceTree = "<group>"; };
		9362F3DB1E14F69400842C29 /* GameViewController.h */ = {isa = PBXFileReference; fileEncoding = 4; lastKnownFileType = sourcecode.c.h; path = GameViewController.h; sourceTree = "<group>"; };
		9362F3DC1E14F69400842C29 /* GameViewController.m */ = {isa = PBXFileReference; fileEncoding = 4; lastKnownFileType = sourcecode.c.objc; path = GameViewController.m; sourceTree = "<group>"; };
		9362F3E11E14F6D400842C29 /* TelnetClient.h */ = {isa = PBXFileReference; fileEncoding = 4; lastKnownFileType = sourcecode.c.h; path = TelnetClient.h; sourceTree = "<group>"; };
		9362F3E21E14F6D400842C29 /* TelnetClient.m */ = {isa = PBXFileReference; fileEncoding = 4; lastKnownFileType = sourcecode.c.objc; path = TelnetClient.m; sourceTree = "<group>"; };
		9362F3E61E14F6FA00842C29 /* libtelnet.h */ = {isa = PBXFileReference; fileEncoding = 4; lastKnownFileType = sourcecode.c.h; path = libtelnet.h; sourceTree = "<group>"; };
		E753D2921E1B54F30096FBD7 /* README.md */ = {isa = PBXFileReference; fileEncoding = 4; lastKnownFileType = net.daringfireball.markdown; path = README.md; sourceTree = "<group>"; };
/* End PBXFileReference section */

/* Begin PBXFrameworksBuildPhase section */
		9362F3BC1E14F67100842C29 /* Frameworks */ = {
			isa = PBXFrameworksBuildPhase;
			buildActionMask = 2147483647;
			files = (
				1496834FC370501C36D659D7 /* libPods-XKXClient.a in Frameworks */,
			);
			runOnlyForDeploymentPostprocessing = 0;
		};
/* End PBXFrameworksBuildPhase section */

/* Begin PBXGroup section */
		656EAAA5219C122000EC6D08 /* MyAttributedButton */ = {
			isa = PBXGroup;
			children = (
				656EAAA6219C127800EC6D08 /* MyAttributedButton.h */,
				656EAAA7219C127800EC6D08 /* MyAttributedButton.m */,
			);
			name = MyAttributedButton;
			sourceTree = "<group>";
		};
		656EAAAA219D1FD400EC6D08 /* Fonts */ = {
			isa = PBXGroup;
			children = (
				656EAAAF219D386E00EC6D08 /* 方正卡通简体.ttf */,
				656EAAB1219D386E00EC6D08 /* 方正康体简体.ttf */,
				656EAAB0219D386E00EC6D08 /* 华文行楷.ttf */,
			);
			name = Fonts;
			sourceTree = "<group>";
		};
		65E356DB219021D2004369FB /* AnsiEscapeHelper */ = {
			isa = PBXGroup;
			children = (
				65E356DC219021DE004369FB /* AnsiEscapeHelper.h */,
				65E356DE219021DE004369FB /* AnsiEscapeHelper.m */,
				65E356DF219021DE004369FB /* UIColor+ANSI.h */,
				65E356DD219021DE004369FB /* UIColor+ANSI.m */,
			);
			name = AnsiEscapeHelper;
			sourceTree = "<group>";
		};
		65E356E22192C60F004369FB /* PureLayout */ = {
			isa = PBXGroup;
			children = (
				65E356E32192C60F004369FB /* PureLayoutDefines.h */,
				65E356E42192C60F004369FB /* ALView+PureLayout.h */,
				65E356E52192C60F004369FB /* NSLayoutConstraint+PureLayout.m */,
				65E356E62192C60F004369FB /* NSArray+PureLayout.h */,
				65E356E72192C60F004369FB /* NSLayoutConstraint+PureLayout.h */,
				65E356E82192C60F004369FB /* ALView+PureLayout.m */,
				65E356E92192C60F004369FB /* PureLayout+Internal.h */,
				65E356EA2192C60F004369FB /* PureLayout.h */,
				65E356EB2192C60F004369FB /* NSArray+PureLayout.m */,
			);
			path = PureLayout;
			sourceTree = "<group>";
		};
		65E356F1219401BF004369FB /* Gamelogic */ = {
			isa = PBXGroup;
			children = (
				65E356F421940221004369FB /* GameLogic.h */,
				65E356F2219401FC004369FB /* GameLogic.m */,
			);
			name = Gamelogic;
			sourceTree = "<group>";
		};
		9362F3B61E14F67100842C29 = {
			isa = PBXGroup;
			children = (
				E753D2921E1B54F30096FBD7 /* README.md */,
				9362F3C11E14F67100842C29 /* XKXClient */,
				9362F3C01E14F67100842C29 /* Products */,
				A030DEA29B539A99F937CCDD /* Pods */,
				D517AD6E9A232604F199FCF6 /* Frameworks */,
			);
			sourceTree = "<group>";
		};
		9362F3C01E14F67100842C29 /* Products */ = {
			isa = PBXGroup;
			children = (
				9362F3BF1E14F67100842C29 /* XKXClient.app */,
			);
			name = Products;
			sourceTree = "<group>";
		};
		9362F3C11E14F67100842C29 /* XKXClient */ = {
			isa = PBXGroup;
			children = (
				656EAAAA219D1FD400EC6D08 /* Fonts */,
				656EAAA5219C122000EC6D08 /* MyAttributedButton */,
				65E356F1219401BF004369FB /* Gamelogic */,
				65E356E22192C60F004369FB /* PureLayout */,
				65E356DB219021D2004369FB /* AnsiEscapeHelper */,
				9362F3E81E14F74A00842C29 /* Model */,
				9362F3E41E14F6FA00842C29 /* libtelnet */,
				9362F3E01E14F6BA00842C29 /* Networks */,
				9362F3DF1E14F69B00842C29 /* VCs */,
				9362F3C51E14F67100842C29 /* AppDelegate.h */,
				9362F3C61E14F67100842C29 /* AppDelegate.m */,
				9362F3CB1E14F67100842C29 /* Main.storyboard */,
				9362F3CE1E14F67100842C29 /* Assets.xcassets */,
				9362F3D01E14F67100842C29 /* LaunchScreen.storyboard */,
				9362F3D31E14F67100842C29 /* Info.plist */,
				9362F3C21E14F67100842C29 /* Supporting Files */,
			);
			path = XKXClient;
			sourceTree = "<group>";
		};
		9362F3C21E14F67100842C29 /* Supporting Files */ = {
			isa = PBXGroup;
			children = (
				9362F3C31E14F67100842C29 /* main.m */,
			);
			name = "Supporting Files";
			sourceTree = "<group>";
		};
		9362F3DF1E14F69B00842C29 /* VCs */ = {
			isa = PBXGroup;
			children = (
				9362F3D91E14F69400842C29 /* LoginViewController.h */,
				9362F3DA1E14F69400842C29 /* LoginViewController.m */,
				9362F3DB1E14F69400842C29 /* GameViewController.h */,
				9362F3DC1E14F69400842C29 /* GameViewController.m */,
			);
			name = VCs;
			sourceTree = "<group>";
		};
		9362F3E01E14F6BA00842C29 /* Networks */ = {
			isa = PBXGroup;
			children = (
				9362F3E11E14F6D400842C29 /* TelnetClient.h */,
				9362F3E21E14F6D400842C29 /* TelnetClient.m */,
			);
			name = Networks;
			sourceTree = "<group>";
		};
		9362F3E41E14F6FA00842C29 /* libtelnet */ = {
			isa = PBXGroup;
			children = (
				65E356D921901E7F004369FB /* libtelnet.c */,
				9362F3E61E14F6FA00842C29 /* libtelnet.h */,
			);
			path = libtelnet;
			sourceTree = "<group>";
		};
		9362F3E81E14F74A00842C29 /* Model */ = {
			isa = PBXGroup;
			children = (
			);
			name = Model;
			sourceTree = "<group>";
		};
		A030DEA29B539A99F937CCDD /* Pods */ = {
			isa = PBXGroup;
			children = (
				87A785C59315B0D855DF002E /* Pods-XKXClient.debug.xcconfig */,
				72A9F7FBA308B9FBD4A1F70C /* Pods-XKXClient.release.xcconfig */,
			);
			name = Pods;
			sourceTree = "<group>";
		};
		D517AD6E9A232604F199FCF6 /* Frameworks */ = {
			isa = PBXGroup;
			children = (
				1AECEEC01F7982EB5DACE74A /* libPods-XKXClient.a */,
			);
			name = Frameworks;
			sourceTree = "<group>";
		};
/* End PBXGroup section */

/* Begin PBXNativeTarget section */
		9362F3BE1E14F67100842C29 /* XKXClient */ = {
			isa = PBXNativeTarget;
			buildConfigurationList = 9362F3D61E14F67100842C29 /* Build configuration list for PBXNativeTarget "XKXClient" */;
			buildPhases = (
				4DC1B5221D727AD013837E2F /* [CP] Check Pods Manifest.lock */,
				9362F3BB1E14F67100842C29 /* Sources */,
				9362F3BC1E14F67100842C29 /* Frameworks */,
				9362F3BD1E14F67100842C29 /* Resources */,
			);
			buildRules = (
			);
			dependencies = (
			);
			name = XKXClient;
			productName = Telnet;
			productReference = 9362F3BF1E14F67100842C29 /* XKXClient.app */;
			productType = "com.apple.product-type.application";
		};
/* End PBXNativeTarget section */

/* Begin PBXProject section */
		9362F3B71E14F67100842C29 /* Project object */ = {
			isa = PBXProject;
			attributes = {
				LastUpgradeCheck = 1010;
				ORGANIZATIONNAME = "Bryan Yuan";
				TargetAttributes = {
					9362F3BE1E14F67100842C29 = {
						CreatedOnToolsVersion = 7.3.1;
						DevelopmentTeam = FQZ2R3UT9T;
					};
				};
			};
			buildConfigurationList = 9362F3BA1E14F67100842C29 /* Build configuration list for PBXProject "XKXClient" */;
			compatibilityVersion = "Xcode 3.2";
			developmentRegion = English;
			hasScannedForEncodings = 0;
			knownRegions = (
				en,
				Base,
			);
			mainGroup = 9362F3B61E14F67100842C29;
			productRefGroup = 9362F3C01E14F67100842C29 /* Products */;
			projectDirPath = "";
			projectRoot = "";
			targets = (
				9362F3BE1E14F67100842C29 /* XKXClient */,
			);
		};
/* End PBXProject section */

/* Begin PBXResourcesBuildPhase section */
		9362F3BD1E14F67100842C29 /* Resources */ = {
			isa = PBXResourcesBuildPhase;
			buildActionMask = 2147483647;
			files = (
				656EAAB2219D389700EC6D08 /* 方正卡通简体.ttf in Resources */,
				656EAAB3219D389700EC6D08 /* 方正康体简体.ttf in Resources */,
				656EAAB4219D389700EC6D08 /* 华文行楷.ttf in Resources */,
				9362F3D21E14F67100842C29 /* LaunchScreen.storyboard in Resources */,
				9362F3CF1E14F67100842C29 /* Assets.xcassets in Resources */,
				9362F3CD1E14F67100842C29 /* Main.storyboard in Resources */,
			);
			runOnlyForDeploymentPostprocessing = 0;
		};
/* End PBXResourcesBuildPhase section */

/* Begin PBXShellScriptBuildPhase section */
		4DC1B5221D727AD013837E2F /* [CP] Check Pods Manifest.lock */ = {
			isa = PBXShellScriptBuildPhase;
			buildActionMask = 2147483647;
			files = (
			);
			inputPaths = (
				"${PODS_PODFILE_DIR_PATH}/Podfile.lock",
				"${PODS_ROOT}/Manifest.lock",
			);
			name = "[CP] Check Pods Manifest.lock";
			outputPaths = (
				"$(DERIVED_FILE_DIR)/Pods-XKXClient-checkManifestLockResult.txt",
			);
			runOnlyForDeploymentPostprocessing = 0;
			shellPath = /bin/sh;
			shellScript = "diff \"${PODS_PODFILE_DIR_PATH}/Podfile.lock\" \"${PODS_ROOT}/Manifest.lock\" > /dev/null\nif [ $? != 0 ] ; then\n    # print error to STDERR\n    echo \"error: The sandbox is not in sync with the Podfile.lock. Run 'pod install' or update your CocoaPods installation.\" >&2\n    exit 1\nfi\n# This output is used by Xcode 'outputs' to avoid re-running this script phase.\necho \"SUCCESS\" > \"${SCRIPT_OUTPUT_FILE_0}\"\n";
			showEnvVarsInLog = 0;
		};
/* End PBXShellScriptBuildPhase section */

/* Begin PBXSourcesBuildPhase section */
		9362F3BB1E14F67100842C29 /* Sources */ = {
			isa = PBXSourcesBuildPhase;
			buildActionMask = 2147483647;
			files = (
				9362F3E31E14F6D400842C29 /* TelnetClient.m in Sources */,
				65E356E1219021DE004369FB /* AnsiEscapeHelper.m in Sources */,
				9362F3DE1E14F69400842C29 /* GameViewController.m in Sources */,
				65E356F3219401FC004369FB /* GameLogic.m in Sources */,
				9362F3C71E14F67100842C29 /* AppDelegate.m in Sources */,
				65E356EC2192C610004369FB /* NSLayoutConstraint+PureLayout.m in Sources */,
				E753D2931E1B54F30096FBD7 /* README.md in Sources */,
				9362F3DD1E14F69400842C29 /* LoginViewController.m in Sources */,
				65E356ED2192C610004369FB /* ALView+PureLayout.m in Sources */,
				9362F3C41E14F67100842C29 /* main.m in Sources */,
				65E356DA21901E7F004369FB /* libtelnet.c in Sources */,
				65E356EE2192C610004369FB /* NSArray+PureLayout.m in Sources */,
				65E356E0219021DE004369FB /* UIColor+ANSI.m in Sources */,
				656EAAA8219C127800EC6D08 /* MyAttributedButton.m in Sources */,
			);
			runOnlyForDeploymentPostprocessing = 0;
		};
/* End PBXSourcesBuildPhase section */

/* Begin PBXVariantGroup section */
		9362F3CB1E14F67100842C29 /* Main.storyboard */ = {
			isa = PBXVariantGroup;
			children = (
				9362F3CC1E14F67100842C29 /* Base */,
			);
			name = Main.storyboard;
			sourceTree = "<group>";
		};
		9362F3D01E14F67100842C29 /* LaunchScreen.storyboard */ = {
			isa = PBXVariantGroup;
			children = (
				9362F3D11E14F67100842C29 /* Base */,
			);
			name = LaunchScreen.storyboard;
			sourceTree = "<group>";
		};
/* End PBXVariantGroup section */

/* Begin XCBuildConfiguration section */
		9362F3D41E14F67100842C29 /* Debug */ = {
			isa = XCBuildConfiguration;
			buildSettings = {
				ALWAYS_SEARCH_USER_PATHS = NO;
				CLANG_ANALYZER_NONNULL = YES;
				CLANG_CXX_LANGUAGE_STANDARD = "gnu++0x";
				CLANG_CXX_LIBRARY = "libc++";
				CLANG_ENABLE_MODULES = YES;
				CLANG_ENABLE_OBJC_ARC = YES;
				CLANG_WARN_BLOCK_CAPTURE_AUTORELEASING = YES;
				CLANG_WARN_BOOL_CONVERSION = YES;
				CLANG_WARN_COMMA = YES;
				CLANG_WARN_CONSTANT_CONVERSION = YES;
				CLANG_WARN_DEPRECATED_OBJC_IMPLEMENTATIONS = YES;
				CLANG_WARN_DIRECT_OBJC_ISA_USAGE = YES_ERROR;
				CLANG_WARN_EMPTY_BODY = YES;
				CLANG_WARN_ENUM_CONVERSION = YES;
				CLANG_WARN_INFINITE_RECURSION = YES;
				CLANG_WARN_INT_CONVERSION = YES;
				CLANG_WARN_NON_LITERAL_NULL_CONVERSION = YES;
				CLANG_WARN_OBJC_IMPLICIT_RETAIN_SELF = YES;
				CLANG_WARN_OBJC_LITERAL_CONVERSION = YES;
				CLANG_WARN_OBJC_ROOT_CLASS = YES_ERROR;
				CLANG_WARN_RANGE_LOOP_ANALYSIS = YES;
				CLANG_WARN_STRICT_PROTOTYPES = YES;
				CLANG_WARN_SUSPICIOUS_MOVE = YES;
				CLANG_WARN_UNREACHABLE_CODE = YES;
				CLANG_WARN__DUPLICATE_METHOD_MATCH = YES;
				"CODE_SIGN_IDENTITY[sdk=iphoneos*]" = "iPhone Developer";
				COPY_PHASE_STRIP = NO;
				DEBUG_INFORMATION_FORMAT = dwarf;
				ENABLE_STRICT_OBJC_MSGSEND = YES;
				ENABLE_TESTABILITY = YES;
				GCC_C_LANGUAGE_STANDARD = gnu99;
				GCC_DYNAMIC_NO_PIC = NO;
				GCC_NO_COMMON_BLOCKS = YES;
				GCC_OPTIMIZATION_LEVEL = 0;
				GCC_PREPROCESSOR_DEFINITIONS = (
					"DEBUG=1",
					"$(inherited)",
				);
				GCC_WARN_64_TO_32_BIT_CONVERSION = YES;
				GCC_WARN_ABOUT_RETURN_TYPE = YES_ERROR;
				GCC_WARN_UNDECLARED_SELECTOR = YES;
				GCC_WARN_UNINITIALIZED_AUTOS = YES_AGGRESSIVE;
				GCC_WARN_UNUSED_FUNCTION = YES;
				GCC_WARN_UNUSED_VARIABLE = YES;
				IPHONEOS_DEPLOYMENT_TARGET = 9.3;
				MTL_ENABLE_DEBUG_INFO = YES;
				ONLY_ACTIVE_ARCH = YES;
				SDKROOT = iphoneos;
				TARGETED_DEVICE_FAMILY = "1,2";
			};
			name = Debug;
		};
		9362F3D51E14F67100842C29 /* Release */ = {
			isa = XCBuildConfiguration;
			buildSettings = {
				ALWAYS_SEARCH_USER_PATHS = NO;
				CLANG_ANALYZER_NONNULL = YES;
				CLANG_CXX_LANGUAGE_STANDARD = "gnu++0x";
				CLANG_CXX_LIBRARY = "libc++";
				CLANG_ENABLE_MODULES = YES;
				CLANG_ENABLE_OBJC_ARC = YES;
				CLANG_WARN_BLOCK_CAPTURE_AUTORELEASING = YES;
				CLANG_WARN_BOOL_CONVERSION = YES;
				CLANG_WARN_COMMA = YES;
				CLANG_WARN_CONSTANT_CONVERSION = YES;
				CLANG_WARN_DEPRECATED_OBJC_IMPLEMENTATIONS = YES;
				CLANG_WARN_DIRECT_OBJC_ISA_USAGE = YES_ERROR;
				CLANG_WARN_EMPTY_BODY = YES;
				CLANG_WARN_ENUM_CONVERSION = YES;
				CLANG_WARN_INFINITE_RECURSION = YES;
				CLANG_WARN_INT_CONVERSION = YES;
				CLANG_WARN_NON_LITERAL_NULL_CONVERSION = YES;
				CLANG_WARN_OBJC_IMPLICIT_RETAIN_SELF = YES;
				CLANG_WARN_OBJC_LITERAL_CONVERSION = YES;
				CLANG_WARN_OBJC_ROOT_CLASS = YES_ERROR;
				CLANG_WARN_RANGE_LOOP_ANALYSIS = YES;
				CLANG_WARN_STRICT_PROTOTYPES = YES;
				CLANG_WARN_SUSPICIOUS_MOVE = YES;
				CLANG_WARN_UNREACHABLE_CODE = YES;
				CLANG_WARN__DUPLICATE_METHOD_MATCH = YES;
				"CODE_SIGN_IDENTITY[sdk=iphoneos*]" = "iPhone Developer";
				COPY_PHASE_STRIP = NO;
				DEBUG_INFORMATION_FORMAT = "dwarf-with-dsym";
				ENABLE_NS_ASSERTIONS = NO;
				ENABLE_STRICT_OBJC_MSGSEND = YES;
				GCC_C_LANGUAGE_STANDARD = gnu99;
				GCC_NO_COMMON_BLOCKS = YES;
				GCC_WARN_64_TO_32_BIT_CONVERSION = YES;
				GCC_WARN_ABOUT_RETURN_TYPE = YES_ERROR;
				GCC_WARN_UNDECLARED_SELECTOR = YES;
				GCC_WARN_UNINITIALIZED_AUTOS = YES_AGGRESSIVE;
				GCC_WARN_UNUSED_FUNCTION = YES;
				GCC_WARN_UNUSED_VARIABLE = YES;
				IPHONEOS_DEPLOYMENT_TARGET = 9.3;
				MTL_ENABLE_DEBUG_INFO = NO;
				SDKROOT = iphoneos;
				TARGETED_DEVICE_FAMILY = "1,2";
				VALIDATE_PRODUCT = YES;
			};
			name = Release;
		};
		9362F3D71E14F67100842C29 /* Debug */ = {
			isa = XCBuildConfiguration;
			baseConfigurationReference = 87A785C59315B0D855DF002E /* Pods-XKXClient.debug.xcconfig */;
			buildSettings = {
				ASSETCATALOG_COMPILER_APPICON_NAME = AppIcon;
				DEVELOPMENT_TEAM = FQZ2R3UT9T;
				INFOPLIST_FILE = XKXClient/Info.plist;
				IPHONEOS_DEPLOYMENT_TARGET = 9.0;
				LD_RUNPATH_SEARCH_PATHS = "$(inherited) @executable_path/Frameworks";
				LIBRARY_SEARCH_PATHS = (
					"$(inherited)",
					"$(PROJECT_DIR)/XKXClient/libtelnet",
				);
				PRODUCT_BUNDLE_IDENTIFIER = com.MoreDoDo.XKXClient;
				PRODUCT_NAME = "$(TARGET_NAME)";
			};
			name = Debug;
		};
		9362F3D81E14F67100842C29 /* Release */ = {
			isa = XCBuildConfiguration;
			baseConfigurationReference = 72A9F7FBA308B9FBD4A1F70C /* Pods-XKXClient.release.xcconfig */;
			buildSettings = {
				ASSETCATALOG_COMPILER_APPICON_NAME = AppIcon;
				DEVELOPMENT_TEAM = FQZ2R3UT9T;
				INFOPLIST_FILE = XKXClient/Info.plist;
				IPHONEOS_DEPLOYMENT_TARGET = 9.0;
				LD_RUNPATH_SEARCH_PATHS = "$(inherited) @executable_path/Frameworks";
				LIBRARY_SEARCH_PATHS = (
					"$(inherited)",
					"$(PROJECT_DIR)/XKXClient/libtelnet",
				);
				PRODUCT_BUNDLE_IDENTIFIER = com.MoreDoDo.XKXClient;
				PRODUCT_NAME = "$(TARGET_NAME)";
			};
			name = Release;
		};
/* End XCBuildConfiguration section */

/* Begin XCConfigurationList section */
		9362F3BA1E14F67100842C29 /* Build configuration list for PBXProject "XKXClient" */ = {
			isa = XCConfigurationList;
			buildConfigurations = (
				9362F3D41E14F67100842C29 /* Debug */,
				9362F3D51E14F67100842C29 /* Release */,
			);
			defaultConfigurationIsVisible = 0;
			defaultConfigurationName = Release;
		};
		9362F3D61E14F67100842C29 /* Build configuration list for PBXNativeTarget "XKXClient" */ = {
			isa = XCConfigurationList;
			buildConfigurations = (
				9362F3D71E14F67100842C29 /* Debug */,
				9362F3D81E14F67100842C29 /* Release */,
			);
			defaultConfigurationIsVisible = 0;
			defaultConfigurationName = Release;
		};
/* End XCConfigurationList section */
	};
	rootObject = 9362F3B71E14F67100842C29 /* Project object */;
}
